
Microsoft Visual Studio Solution File, Format Version 12.00
# Visual Studio 15
VisualStudioVersion = 15.0.28307.168
MinimumVisualStudioVersion = 10.0.40219.1
Project("{9A19103F-16F7-4668-BE54-9A1E7A4F7556}") = "Processa.Services.Aspen.Client.Fluent", "Processa.Services.Aspen.Client.Fluent\Processa.Services.Aspen.Client.Fluent.csproj", "{4F5B9601-5273-45FA-8C1E-F37E9D945EDD}"
EndProject
Project("{9A19103F-16F7-4668-BE54-9A1E7A4F7556}") = "Processa.Services.Aspen.Client.Entities", "Processa.Services.Aspen.Client.Entities\Processa.Services.Aspen.Client.Entities.csproj", "{C74A0C0B-BD2E-49E2-9294-FFED96BB71C0}"
EndProject
Project("{FAE04EC0-301F-11D3-BF4B-00C04F79EFBC}") = "Processa.Services.Aspen.Client.Tests", "Processa.Services.Aspen.Client.Tests\Processa.Services.Aspen.Client.Tests.csproj", "{BD10A61B-6462-4694-9F31-AAE3EE722457}"
EndProject
Global
	GlobalSection(SolutionConfigurationPlatforms) = preSolution
		Debug|Any CPU = Debug|Any CPU
		Release|Any CPU = Release|Any CPU
	EndGlobalSection
	GlobalSection(ProjectConfigurationPlatforms) = postSolution
		{4F5B9601-5273-45FA-8C1E-F37E9D945EDD}.Debug|Any CPU.ActiveCfg = Debug|Any CPU
		{4F5B9601-5273-45FA-8C1E-F37E9D945EDD}.Debug|Any CPU.Build.0 = Debug|Any CPU
		{4F5B9601-5273-45FA-8C1E-F37E9D945EDD}.Release|Any CPU.ActiveCfg = Release|Any CPU
		{4F5B9601-5273-45FA-8C1E-F37E9D945EDD}.Release|Any CPU.Build.0 = Release|Any CPU
		{C74A0C0B-BD2E-49E2-9294-FFED96BB71C0}.Debug|Any CPU.ActiveCfg = Debug|Any CPU
		{C74A0C0B-BD2E-49E2-9294-FFED96BB71C0}.Debug|Any CPU.Build.0 = Debug|Any CPU
		{C74A0C0B-BD2E-49E2-9294-FFED96BB71C0}.Release|Any CPU.ActiveCfg = Release|Any CPU
		{C74A0C0B-BD2E-49E2-9294-FFED96BB71C0}.Release|Any CPU.Build.0 = Release|Any CPU
		{BD10A61B-6462-4694-9F31-AAE3EE722457}.Debug|Any CPU.ActiveCfg = Debug|Any CPU
		{BD10A61B-6462-4694-9F31-AAE3EE722457}.Debug|Any CPU.Build.0 = Debug|Any CPU
		{BD10A61B-6462-4694-9F31-AAE3EE722457}.Release|Any CPU.ActiveCfg = Release|Any CPU
		{BD10A61B-6462-4694-9F31-AAE3EE722457}.Release|Any CPU.Build.0 = Release|Any CPU
	EndGlobalSection
	GlobalSection(SolutionProperties) = preSolution
		HideSolutionNode = FALSE
	EndGlobalSection
	GlobalSection(ExtensibilityGlobals) = postSolution
		SolutionGuid = {91AEB534-38A8-4F6C-9815-965A0C5A3C04}
	EndGlobalSection
EndGlobal
